// !$*UTF8*$!
{
	archiveVersion = 1;
	classes = {
	};
	objectVersion = 50;
	objects = {

/* Begin PBXBuildFile section */
		194DA4F926EE4DC3002392B5 /* CardsMatching.swift in Sources */ = {isa = PBXBuildFile; fileRef = 194DA4F826EE4DC3002392B5 /* CardsMatching.swift */; };
		194DA4FB26EE4DD1002392B5 /* CardsMatchingTest.swift in Sources */ = {isa = PBXBuildFile; fileRef = 194DA4FA26EE4DD1002392B5 /* CardsMatchingTest.swift */; };
		194DA4FD26EE5605002392B5 /* ValuesMatchingTest.swift in Sources */ = {isa = PBXBuildFile; fileRef = 194DA4FC26EE5605002392B5 /* ValuesMatchingTest.swift */; };
		1978206626AAC30700624E75 /* AppDelegate.swift in Sources */ = {isa = PBXBuildFile; fileRef = 1978206526AAC30700624E75 /* AppDelegate.swift */; };
		1978206826AAC30700624E75 /* SceneDelegate.swift in Sources */ = {isa = PBXBuildFile; fileRef = 1978206726AAC30700624E75 /* SceneDelegate.swift */; };
		1978206A26AAC30700624E75 /* ViewController.swift in Sources */ = {isa = PBXBuildFile; fileRef = 1978206926AAC30700624E75 /* ViewController.swift */; };
		1978206D26AAC30700624E75 /* Main.storyboard in Resources */ = {isa = PBXBuildFile; fileRef = 1978206B26AAC30700624E75 /* Main.storyboard */; };
		1978206F26AAC30700624E75 /* Assets.xcassets in Resources */ = {isa = PBXBuildFile; fileRef = 1978206E26AAC30700624E75 /* Assets.xcassets */; };
		1978207226AAC30700624E75 /* LaunchScreen.storyboard in Resources */ = {isa = PBXBuildFile; fileRef = 1978207026AAC30700624E75 /* LaunchScreen.storyboard */; };
		1978207D26AAC30700624E75 /* SetGameModelTests.swift in Sources */ = {isa = PBXBuildFile; fileRef = 1978207C26AAC30700624E75 /* SetGameModelTests.swift */; };
		19965E5F26ECC98F00E5FC0D /* SetGameModel.swift in Sources */ = {isa = PBXBuildFile; fileRef = 19965E5E26ECC98F00E5FC0D /* SetGameModel.swift */; };
		19965E6126ECCA1000E5FC0D /* Card.swift in Sources */ = {isa = PBXBuildFile; fileRef = 19965E6026ECCA1000E5FC0D /* Card.swift */; };
/* End PBXBuildFile section */

/* Begin PBXContainerItemProxy section */
		1978207926AAC30700624E75 /* PBXContainerItemProxy */ = {
			isa = PBXContainerItemProxy;
			containerPortal = 1978205A26AAC30700624E75 /* Project object */;
			proxyType = 1;
			remoteGlobalIDString = 1978206126AAC30700624E75;
			remoteInfo = "Set game";
		};
/* End PBXContainerItemProxy section */

/* Begin PBXFileReference section */
		194DA4F826EE4DC3002392B5 /* CardsMatching.swift */ = {isa = PBXFileReference; lastKnownFileType = sourcecode.swift; path = CardsMatching.swift; sourceTree = "<group>"; };
		194DA4FA26EE4DD1002392B5 /* CardsMatchingTest.swift */ = {isa = PBXFileReference; lastKnownFileType = sourcecode.swift; path = CardsMatchingTest.swift; sourceTree = "<group>"; };
		194DA4FC26EE5605002392B5 /* ValuesMatchingTest.swift */ = {isa = PBXFileReference; lastKnownFileType = sourcecode.swift; path = ValuesMatchingTest.swift; sourceTree = "<group>"; };
		1978206226AAC30700624E75 /* SetGame.app */ = {isa = PBXFileReference; explicitFileType = wrapper.application; includeInIndex = 0; path = SetGame.app; sourceTree = BUILT_PRODUCTS_DIR; };
		1978206526AAC30700624E75 /* AppDelegate.swift */ = {isa = PBXFileReference; lastKnownFileType = sourcecode.swift; path = AppDelegate.swift; sourceTree = "<group>"; };
		1978206726AAC30700624E75 /* SceneDelegate.swift */ = {isa = PBXFileReference; lastKnownFileType = sourcecode.swift; path = SceneDelegate.swift; sourceTree = "<group>"; };
		1978206926AAC30700624E75 /* ViewController.swift */ = {isa = PBXFileReference; lastKnownFileType = sourcecode.swift; path = ViewController.swift; sourceTree = "<group>"; };
		1978206C26AAC30700624E75 /* Base */ = {isa = PBXFileReference; lastKnownFileType = file.storyboard; name = Base; path = Base.lproj/Main.storyboard; sourceTree = "<group>"; };
		1978206E26AAC30700624E75 /* Assets.xcassets */ = {isa = PBXFileReference; lastKnownFileType = folder.assetcatalog; path = Assets.xcassets; sourceTree = "<group>"; };
		1978207126AAC30700624E75 /* Base */ = {isa = PBXFileReference; lastKnownFileType = file.storyboard; name = Base; path = Base.lproj/LaunchScreen.storyboard; sourceTree = "<group>"; };
		1978207326AAC30700624E75 /* Info.plist */ = {isa = PBXFileReference; lastKnownFileType = text.plist.xml; path = Info.plist; sourceTree = "<group>"; };
		1978207826AAC30700624E75 /* SetGameTests.xctest */ = {isa = PBXFileReference; explicitFileType = wrapper.cfbundle; includeInIndex = 0; path = SetGameTests.xctest; sourceTree = BUILT_PRODUCTS_DIR; };
		1978207C26AAC30700624E75 /* SetGameModelTests.swift */ = {isa = PBXFileReference; lastKnownFileType = sourcecode.swift; path = SetGameModelTests.swift; sourceTree = "<group>"; };
		1978207E26AAC30700624E75 /* Info.plist */ = {isa = PBXFileReference; lastKnownFileType = text.plist.xml; path = Info.plist; sourceTree = "<group>"; };
		19965E5E26ECC98F00E5FC0D /* SetGameModel.swift */ = {isa = PBXFileReference; lastKnownFileType = sourcecode.swift; path = SetGameModel.swift; sourceTree = "<group>"; };
		19965E6026ECCA1000E5FC0D /* Card.swift */ = {isa = PBXFileReference; lastKnownFileType = sourcecode.swift; path = Card.swift; sourceTree = "<group>"; };
/* End PBXFileReference section */

/* Begin PBXFrameworksBuildPhase section */
		1978205F26AAC30700624E75 /* Frameworks */ = {
			isa = PBXFrameworksBuildPhase;
			buildActionMask = 2147483647;
			files = (
			);
			runOnlyForDeploymentPostprocessing = 0;
		};
		1978207526AAC30700624E75 /* Frameworks */ = {
			isa = PBXFrameworksBuildPhase;
			buildActionMask = 2147483647;
			files = (
			);
			runOnlyForDeploymentPostprocessing = 0;
		};
/* End PBXFrameworksBuildPhase section */

/* Begin PBXGroup section */
		1978205926AAC30700624E75 = {
			isa = PBXGroup;
			children = (
				1978206426AAC30700624E75 /* SetGame */,
				1978207B26AAC30700624E75 /* SetGameTests */,
				1978206326AAC30700624E75 /* Products */,
			);
			sourceTree = "<group>";
		};
		1978206326AAC30700624E75 /* Products */ = {
			isa = PBXGroup;
			children = (
				1978206226AAC30700624E75 /* SetGame.app */,
				1978207826AAC30700624E75 /* SetGameTests.xctest */,
			);
			name = Products;
			sourceTree = "<group>";
		};
		1978206426AAC30700624E75 /* SetGame */ = {
			isa = PBXGroup;
			children = (
				1978206526AAC30700624E75 /* AppDelegate.swift */,
				1978206726AAC30700624E75 /* SceneDelegate.swift */,
				1978206926AAC30700624E75 /* ViewController.swift */,
				1978206B26AAC30700624E75 /* Main.storyboard */,
				1978206E26AAC30700624E75 /* Assets.xcassets */,
				1978207026AAC30700624E75 /* LaunchScreen.storyboard */,
				1978207326AAC30700624E75 /* Info.plist */,
				19965E5E26ECC98F00E5FC0D /* SetGameModel.swift */,
				19965E6026ECCA1000E5FC0D /* Card.swift */,
				194DA4F826EE4DC3002392B5 /* CardsMatching.swift */,
			);
			path = SetGame;
			sourceTree = "<group>";
		};
		1978207B26AAC30700624E75 /* SetGameTests */ = {
			isa = PBXGroup;
			children = (
				1978207C26AAC30700624E75 /* SetGameModelTests.swift */,
				1978207E26AAC30700624E75 /* Info.plist */,
				194DA4FA26EE4DD1002392B5 /* CardsMatchingTest.swift */,
				194DA4FC26EE5605002392B5 /* ValuesMatchingTest.swift */,
			);
			path = SetGameTests;
			sourceTree = "<group>";
		};
/* End PBXGroup section */

/* Begin PBXNativeTarget section */
		1978206126AAC30700624E75 /* SetGame */ = {
			isa = PBXNativeTarget;
			buildConfigurationList = 1978208C26AAC30700624E75 /* Build configuration list for PBXNativeTarget "SetGame" */;
			buildPhases = (
				1978205E26AAC30700624E75 /* Sources */,
				1978205F26AAC30700624E75 /* Frameworks */,
				1978206026AAC30700624E75 /* Resources */,
			);
			buildRules = (
			);
			dependencies = (
			);
			name = SetGame;
			productName = "Set game";
			productReference = 1978206226AAC30700624E75 /* SetGame.app */;
			productType = "com.apple.product-type.application";
		};
		1978207726AAC30700624E75 /* SetGameTests */ = {
			isa = PBXNativeTarget;
			buildConfigurationList = 1978208F26AAC30700624E75 /* Build configuration list for PBXNativeTarget "SetGameTests" */;
			buildPhases = (
				1978207426AAC30700624E75 /* Sources */,
				1978207526AAC30700624E75 /* Frameworks */,
				1978207626AAC30700624E75 /* Resources */,
			);
			buildRules = (
			);
			dependencies = (
				1978207A26AAC30700624E75 /* PBXTargetDependency */,
			);
			name = SetGameTests;
			productName = "Set gameTests";
			productReference = 1978207826AAC30700624E75 /* SetGameTests.xctest */;
			productType = "com.apple.product-type.bundle.unit-test";
		};
/* End PBXNativeTarget section */

/* Begin PBXProject section */
		1978205A26AAC30700624E75 /* Project object */ = {
			isa = PBXProject;
			attributes = {
				LastSwiftUpdateCheck = 1250;
				LastUpgradeCheck = 1250;
				TargetAttributes = {
					1978206126AAC30700624E75 = {
						CreatedOnToolsVersion = 12.5.1;
					};
					1978207726AAC30700624E75 = {
						CreatedOnToolsVersion = 12.5.1;
						TestTargetID = 1978206126AAC30700624E75;
					};
				};
			};
			buildConfigurationList = 1978205D26AAC30700624E75 /* Build configuration list for PBXProject "SetGame" */;
			compatibilityVersion = "Xcode 9.3";
			developmentRegion = en;
			hasScannedForEncodings = 0;
			knownRegions = (
				en,
				Base,
			);
			mainGroup = 1978205926AAC30700624E75;
			productRefGroup = 1978206326AAC30700624E75 /* Products */;
			projectDirPath = "";
			projectRoot = "";
			targets = (
				1978206126AAC30700624E75 /* SetGame */,
				1978207726AAC30700624E75 /* SetGameTests */,
			);
		};
/* End PBXProject section */

/* Begin PBXResourcesBuildPhase section */
		1978206026AAC30700624E75 /* Resources */ = {
			isa = PBXResourcesBuildPhase;
			buildActionMask = 2147483647;
			files = (
				1978207226AAC30700624E75 /* LaunchScreen.storyboard in Resources */,
				1978206F26AAC30700624E75 /* Assets.xcassets in Resources */,
				1978206D26AAC30700624E75 /* Main.storyboard in Resources */,
			);
			runOnlyForDeploymentPostprocessing = 0;
		};
		1978207626AAC30700624E75 /* Resources */ = {
			isa = PBXResourcesBuildPhase;
			buildActionMask = 2147483647;
			files = (
			);
			runOnlyForDeploymentPostprocessing = 0;
		};
/* End PBXResourcesBuildPhase section */

/* Begin PBXSourcesBuildPhase section */
		1978205E26AAC30700624E75 /* Sources */ = {
			isa = PBXSourcesBuildPhase;
			buildActionMask = 2147483647;
			files = (
				1978206A26AAC30700624E75 /* ViewController.swift in Sources */,
				1978206626AAC30700624E75 /* AppDelegate.swift in Sources */,
				194DA4F926EE4DC3002392B5 /* CardsMatching.swift in Sources */,
				19965E6126ECCA1000E5FC0D /* Card.swift in Sources */,
				1978206826AAC30700624E75 /* SceneDelegate.swift in Sources */,
				19965E5F26ECC98F00E5FC0D /* SetGameModel.swift in Sources */,
			);
			runOnlyForDeploymentPostprocessing = 0;
		};
		1978207426AAC30700624E75 /* Sources */ = {
			isa = PBXSourcesBuildPhase;
			buildActionMask = 2147483647;
			files = (
				194DA4FD26EE5605002392B5 /* ValuesMatchingTest.swift in Sources */,
				194DA4FB26EE4DD1002392B5 /* CardsMatchingTest.swift in Sources */,
				1978207D26AAC30700624E75 /* SetGameModelTests.swift in Sources */,
			);
			runOnlyForDeploymentPostprocessing = 0;
		};
/* End PBXSourcesBuildPhase section */

/* Begin PBXTargetDependency section */
		1978207A26AAC30700624E75 /* PBXTargetDependency */ = {
			isa = PBXTargetDependency;
			target = 1978206126AAC30700624E75 /* SetGame */;
			targetProxy = 1978207926AAC30700624E75 /* PBXContainerItemProxy */;
		};
/* End PBXTargetDependency section */

/* Begin PBXVariantGroup section */
		1978206B26AAC30700624E75 /* Main.storyboard */ = {
			isa = PBXVariantGroup;
			children = (
				1978206C26AAC30700624E75 /* Base */,
			);
			name = Main.storyboard;
			sourceTree = "<group>";
		};
		1978207026AAC30700624E75 /* LaunchScreen.storyboard */ = {
			isa = PBXVariantGroup;
			children = (
				1978207126AAC30700624E75 /* Base */,
			);
			name = LaunchScreen.storyboard;
			sourceTree = "<group>";
		};
/* End PBXVariantGroup section */

/* Begin XCBuildConfiguration section */
		1978208A26AAC30700624E75 /* Debug */ = {
			isa = XCBuildConfiguration;
			buildSettings = {
				ALWAYS_SEARCH_USER_PATHS = NO;
				CLANG_ANALYZER_NONNULL = YES;
				CLANG_ANALYZER_NUMBER_OBJECT_CONVERSION = YES_AGGRESSIVE;
				CLANG_CXX_LANGUAGE_STANDARD = "gnu++14";
				CLANG_CXX_LIBRARY = "libc++";
				CLANG_ENABLE_MODULES = YES;
				CLANG_ENABLE_OBJC_ARC = YES;
				CLANG_ENABLE_OBJC_WEAK = YES;
				CLANG_WARN_BLOCK_CAPTURE_AUTORELEASING = YES;
				CLANG_WARN_BOOL_CONVERSION = YES;
				CLANG_WARN_COMMA = YES;
				CLANG_WARN_CONSTANT_CONVERSION = YES;
				CLANG_WARN_DEPRECATED_OBJC_IMPLEMENTATIONS = YES;
				CLANG_WARN_DIRECT_OBJC_ISA_USAGE = YES_ERROR;
				CLANG_WARN_DOCUMENTATION_COMMENTS = YES;
				CLANG_WARN_EMPTY_BODY = YES;
				CLANG_WARN_ENUM_CONVERSION = YES;
				CLANG_WARN_INFINITE_RECURSION = YES;
				CLANG_WARN_INT_CONVERSION = YES;
				CLANG_WARN_NON_LITERAL_NULL_CONVERSION = YES;
				CLANG_WARN_OBJC_IMPLICIT_RETAIN_SELF = YES;
				CLANG_WARN_OBJC_LITERAL_CONVERSION = YES;
				CLANG_WARN_OBJC_ROOT_CLASS = YES_ERROR;
				CLANG_WARN_QUOTED_INCLUDE_IN_FRAMEWORK_HEADER = YES;
				CLANG_WARN_RANGE_LOOP_ANALYSIS = YES;
				CLANG_WARN_STRICT_PROTOTYPES = YES;
				CLANG_WARN_SUSPICIOUS_MOVE = YES;
				CLANG_WARN_UNGUARDED_AVAILABILITY = YES_AGGRESSIVE;
				CLANG_WARN_UNREACHABLE_CODE = YES;
				CLANG_WARN__DUPLICATE_METHOD_MATCH = YES;
				COPY_PHASE_STRIP = NO;
				DEBUG_INFORMATION_FORMAT = dwarf;
				ENABLE_STRICT_OBJC_MSGSEND = YES;
				ENABLE_TESTABILITY = YES;
				GCC_C_LANGUAGE_STANDARD = gnu11;
				GCC_DYNAMIC_NO_PIC = NO;
				GCC_NO_COMMON_BLOCKS = YES;
				GCC_OPTIMIZATION_LEVEL = 0;
				GCC_PREPROCESSOR_DEFINITIONS = (
					"DEBUG=1",
					"$(inherited)",
				);
				GCC_WARN_64_TO_32_BIT_CONVERSION = YES;
				GCC_WARN_ABOUT_RETURN_TYPE = YES_ERROR;
				GCC_WARN_UNDECLARED_SELECTOR = YES;
				GCC_WARN_UNINITIALIZED_AUTOS = YES_AGGRESSIVE;
				GCC_WARN_UNUSED_FUNCTION = YES;
				GCC_WARN_UNUSED_VARIABLE = YES;
				IPHONEOS_DEPLOYMENT_TARGET = 14.5;
				MTL_ENABLE_DEBUG_INFO = INCLUDE_SOURCE;
				MTL_FAST_MATH = YES;
				ONLY_ACTIVE_ARCH = YES;
				SDKROOT = iphoneos;
				SWIFT_ACTIVE_COMPILATION_CONDITIONS = DEBUG;
				SWIFT_OPTIMIZATION_LEVEL = "-Onone";
			};
			name = Debug;
		};
		1978208B26AAC30700624E75 /* Release */ = {
			isa = XCBuildConfiguration;
			buildSettings = {
				ALWAYS_SEARCH_USER_PATHS = NO;
				CLANG_ANALYZER_NONNULL = YES;
				CLANG_ANALYZER_NUMBER_OBJECT_CONVERSION = YES_AGGRESSIVE;
				CLANG_CXX_LANGUAGE_STANDARD = "gnu++14";
				CLANG_CXX_LIBRARY = "libc++";
				CLANG_ENABLE_MODULES = YES;
				CLANG_ENABLE_OBJC_ARC = YES;
				CLANG_ENABLE_OBJC_WEAK = YES;
				CLANG_WARN_BLOCK_CAPTURE_AUTORELEASING = YES;
				CLANG_WARN_BOOL_CONVERSION = YES;
				CLANG_WARN_COMMA = YES;
				CLANG_WARN_CONSTANT_CONVERSION = YES;
				CLANG_WARN_DEPRECATED_OBJC_IMPLEMENTATIONS = YES;
				CLANG_WARN_DIRECT_OBJC_ISA_USAGE = YES_ERROR;
				CLANG_WARN_DOCUMENTATION_COMMENTS = YES;
				CLANG_WARN_EMPTY_BODY = YES;
				CLANG_WARN_ENUM_CONVERSION = YES;
				CLANG_WARN_INFINITE_RECURSION = YES;
				CLANG_WARN_INT_CONVERSION = YES;
				CLANG_WARN_NON_LITERAL_NULL_CONVERSION = YES;
				CLANG_WARN_OBJC_IMPLICIT_RETAIN_SELF = YES;
				CLANG_WARN_OBJC_LITERAL_CONVERSION = YES;
				CLANG_WARN_OBJC_ROOT_CLASS = YES_ERROR;
				CLANG_WARN_QUOTED_INCLUDE_IN_FRAMEWORK_HEADER = YES;
				CLANG_WARN_RANGE_LOOP_ANALYSIS = YES;
				CLANG_WARN_STRICT_PROTOTYPES = YES;
				CLANG_WARN_SUSPICIOUS_MOVE = YES;
				CLANG_WARN_UNGUARDED_AVAILABILITY = YES_AGGRESSIVE;
				CLANG_WARN_UNREACHABLE_CODE = YES;
				CLANG_WARN__DUPLICATE_METHOD_MATCH = YES;
				COPY_PHASE_STRIP = NO;
				DEBUG_INFORMATION_FORMAT = "dwarf-with-dsym";
				ENABLE_NS_ASSERTIONS = NO;
				ENABLE_STRICT_OBJC_MSGSEND = YES;
				GCC_C_LANGUAGE_STANDARD = gnu11;
				GCC_NO_COMMON_BLOCKS = YES;
				GCC_WARN_64_TO_32_BIT_CONVERSION = YES;
				GCC_WARN_ABOUT_RETURN_TYPE = YES_ERROR;
				GCC_WARN_UNDECLARED_SELECTOR = YES;
				GCC_WARN_UNINITIALIZED_AUTOS = YES_AGGRESSIVE;
				GCC_WARN_UNUSED_FUNCTION = YES;
				GCC_WARN_UNUSED_VARIABLE = YES;
				IPHONEOS_DEPLOYMENT_TARGET = 14.5;
				MTL_ENABLE_DEBUG_INFO = NO;
				MTL_FAST_MATH = YES;
				SDKROOT = iphoneos;
				SWIFT_COMPILATION_MODE = wholemodule;
				SWIFT_OPTIMIZATION_LEVEL = "-O";
				VALIDATE_PRODUCT = YES;
			};
			name = Release;
		};
		1978208D26AAC30700624E75 /* Debug */ = {
			isa = XCBuildConfiguration;
			buildSettings = {
				ASSETCATALOG_COMPILER_APPICON_NAME = AppIcon;
				ASSETCATALOG_COMPILER_GLOBAL_ACCENT_COLOR_NAME = AccentColor;
				CODE_SIGN_STYLE = Automatic;
				DEVELOPMENT_TEAM = ZDYWZT9U37;
				INFOPLIST_FILE = SetGame/Info.plist;
				LD_RUNPATH_SEARCH_PATHS = (
					"$(inherited)",
					"@executable_path/Frameworks",
				);
				PRODUCT_BUNDLE_IDENTIFIER = com.teamviewer.SetGame;
				PRODUCT_NAME = "$(TARGET_NAME)";
				SWIFT_VERSION = 5.0;
				TARGETED_DEVICE_FAMILY = "1,2";
			};
			name = Debug;
		};
		1978208E26AAC30700624E75 /* Release */ = {
			isa = XCBuildConfiguration;
			buildSettings = {
				ASSETCATALOG_COMPILER_APPICON_NAME = AppIcon;
				ASSETCATALOG_COMPILER_GLOBAL_ACCENT_COLOR_NAME = AccentColor;
				CODE_SIGN_STYLE = Automatic;
				DEVELOPMENT_TEAM = ZDYWZT9U37;
				INFOPLIST_FILE = SetGame/Info.plist;
				LD_RUNPATH_SEARCH_PATHS = (
					"$(inherited)",
					"@executable_path/Frameworks",
				);
				PRODUCT_BUNDLE_IDENTIFIER = com.teamviewer.SetGame;
				PRODUCT_NAME = "$(TARGET_NAME)";
				SWIFT_VERSION = 5.0;
				TARGETED_DEVICE_FAMILY = "1,2";
			};
			name = Release;
		};
		1978209026AAC30700624E75 /* Debug */ = {
			isa = XCBuildConfiguration;
			buildSettings = {
				ALWAYS_EMBED_SWIFT_STANDARD_LIBRARIES = YES;
				BUNDLE_LOADER = "$(TEST_HOST)";
				CODE_SIGN_STYLE = Automatic;
				DEVELOPMENT_TEAM = ZDYWZT9U37;
				INFOPLIST_FILE = SetGameTests/Info.plist;
				IPHONEOS_DEPLOYMENT_TARGET = 14.5;
				LD_RUNPATH_SEARCH_PATHS = (
					"$(inherited)",
					"@executable_path/Frameworks",
					"@loader_path/Frameworks",
				);
				PRODUCT_BUNDLE_IDENTIFIER = com.teamviewer.SetGameTests;
				PRODUCT_NAME = "$(TARGET_NAME)";
				SWIFT_VERSION = 5.0;
				TARGETED_DEVICE_FAMILY = "1,2";
				TEST_HOST = "$(BUILT_PRODUCTS_DIR)/SetGame.app/SetGame";
			};
			name = Debug;
		};
		1978209126AAC30700624E75 /* Release */ = {
			isa = XCBuildConfiguration;
			buildSettings = {
				ALWAYS_EMBED_SWIFT_STANDARD_LIBRARIES = YES;
				BUNDLE_LOADER = "$(TEST_HOST)";
				CODE_SIGN_STYLE = Automatic;
				DEVELOPMENT_TEAM = ZDYWZT9U37;
				INFOPLIST_FILE = SetGameTests/Info.plist;
				IPHONEOS_DEPLOYMENT_TARGET = 14.5;
				LD_RUNPATH_SEARCH_PATHS = (
					"$(inherited)",
					"@executable_path/Frameworks",
					"@loader_path/Frameworks",
				);
				PRODUCT_BUNDLE_IDENTIFIER = com.teamviewer.SetGameTests;
				PRODUCT_NAME = "$(TARGET_NAME)";
				SWIFT_VERSION = 5.0;
				TARGETED_DEVICE_FAMILY = "1,2";
				TEST_HOST = "$(BUILT_PRODUCTS_DIR)/SetGame.app/SetGame";
			};
			name = Release;
		};
/* End XCBuildConfiguration section */

/* Begin XCConfigurationList section */
		1978205D26AAC30700624E75 /* Build configuration list for PBXProject "SetGame" */ = {
			isa = XCConfigurationList;
			buildConfigurations = (
				1978208A26AAC30700624E75 /* Debug */,
				1978208B26AAC30700624E75 /* Release */,
			);
			defaultConfigurationIsVisible = 0;
			defaultConfigurationName = Release;
		};
		1978208C26AAC30700624E75 /* Build configuration list for PBXNativeTarget "SetGame" */ = {
			isa = XCConfigurationList;
			buildConfigurations = (
				1978208D26AAC30700624E75 /* Debug */,
				1978208E26AAC30700624E75 /* Release */,
			);
			defaultConfigurationIsVisible = 0;
			defaultConfigurationName = Release;
		};
		1978208F26AAC30700624E75 /* Build configuration list for PBXNativeTarget "SetGameTests" */ = {
			isa = XCConfigurationList;
			buildConfigurations = (
				1978209026AAC30700624E75 /* Debug */,
				1978209126AAC30700624E75 /* Release */,
			);
			defaultConfigurationIsVisible = 0;
			defaultConfigurationName = Release;
		};
/* End XCConfigurationList section */
	};
	rootObject = 1978205A26AAC30700624E75 /* Project object */;
}
